
Microsoft Visual Studio Solution File, Format Version 12.00
# Visual Studio 14
VisualStudioVersion = 14.0.25420.1
MinimumVisualStudioVersion = 10.0.40219.1
Project("{FAE04EC0-301F-11D3-BF4B-00C04F79EFBC}") = "LibMarkupLanguage", "LibMarkupLanguage\LibMarkupLanguage.csproj", "{CB50D1D9-55E4-4A2B-8EC7-0ADDE8D7E3BD}"
EndProject
Project("{FAE04EC0-301F-11D3-BF4B-00C04F79EFBC}") = "LibHelper", "LibHelper\LibHelper.csproj", "{D9E2DC6B-3E54-421F-9231-A4F3A799BC4C}"
EndProject
Project("{2150E333-8FDC-42A3-9474-1A3956D46DE8}") = "Libraries", "Libraries", "{1BBDB230-D21A-4682-A377-532B7F924C74}"
EndProject
Project("{2150E333-8FDC-42A3-9474-1A3956D46DE8}") = "Common", "Common", "{8D42535D-0D8F-4673-9353-043127695096}"
EndProject
Project("{2150E333-8FDC-42A3-9474-1A3956D46DE8}") = "Domain", "Domain", "{0FB0BCEA-B711-4C8F-BBBD-98E3A737B100}"
EndProject
Project("{FAE04EC0-301F-11D3-BF4B-00C04F79EFBC}") = "CodeEditor", "CodeEditor\CodeEditor.csproj", "{4E07699F-5BD6-41C5-A42E-928A2AA332FC}"
EndProject
Project("{2150E333-8FDC-42A3-9474-1A3956D46DE8}") = "Controls", "Controls", "{F275ED2F-E7A8-4F49-83D4-E64BF4ACF254}"
EndProject
Project("{FAE04EC0-301F-11D3-BF4B-00C04F79EFBC}") = "BauControls", "BauControls\BauControls.csproj", "{C4411755-086A-464B-A62D-BE0CCD18EFB9}"
EndProject
Project("{FAE04EC0-301F-11D3-BF4B-00C04F79EFBC}") = "Ookii.Dialogs.Wpf", "Ookii.Dialogs.Wpf\Ookii.Dialogs.Wpf.csproj", "{D01B1D20-8F5B-4834-8E5C-C7EC6DD587D4}"
EndProject
Project("{FAE04EC0-301F-11D3-BF4B-00C04F79EFBC}") = "BauMVVMControls", "BauMVVMControls\BauMVVMControls.csproj", "{4B98B2A6-084C-497F-92C8-18211913E93C}"
EndProject
Project("{FAE04EC0-301F-11D3-BF4B-00C04F79EFBC}") = "ComicControls", "ComicControls\ComicControls.csproj", "{01637B9C-A234-476B-8916-CA9C7491B86B}"
EndProject
Project("{FAE04EC0-301F-11D3-BF4B-00C04F79EFBC}") = "LibMotionComics", "LibMotionComics\LibMotionComics.csproj", "{5DC761A6-8346-4E63-A573-2D9995C6B9F8}"
EndProject
Project("{FAE04EC0-301F-11D3-BF4B-00C04F79EFBC}") = "BauMotionComics", "BauMotionComics\BauMotionComics.csproj", "{C1AA5263-83D2-408B-B47B-BFDF97EBC377}"
EndProject
Project("{FAE04EC0-301F-11D3-BF4B-00C04F79EFBC}") = "BauMVVM", "BauMVVM\BauMVVM.csproj", "{5E54EE9E-DDB2-4370-AA35-262E510BD141}"
EndProject
Global
	GlobalSection(SolutionConfigurationPlatforms) = preSolution
		Debug|Any CPU = Debug|Any CPU
		Debug|ARM = Debug|ARM
		Debug|x64 = Debug|x64
		Debug|x86 = Debug|x86
		Release|Any CPU = Release|Any CPU
		Release|ARM = Release|ARM
		Release|x64 = Release|x64
		Release|x86 = Release|x86
	EndGlobalSection
	GlobalSection(ProjectConfigurationPlatforms) = postSolution
		{CB50D1D9-55E4-4A2B-8EC7-0ADDE8D7E3BD}.Debug|Any CPU.ActiveCfg = Debug|Any CPU
		{CB50D1D9-55E4-4A2B-8EC7-0ADDE8D7E3BD}.Debug|Any CPU.Build.0 = Debug|Any CPU
		{CB50D1D9-55E4-4A2B-8EC7-0ADDE8D7E3BD}.Debug|ARM.ActiveCfg = Debug|Any CPU
		{CB50D1D9-55E4-4A2B-8EC7-0ADDE8D7E3BD}.Debug|ARM.Build.0 = Debug|Any CPU
		{CB50D1D9-55E4-4A2B-8EC7-0ADDE8D7E3BD}.Debug|x64.ActiveCfg = Debug|Any CPU
		{CB50D1D9-55E4-4A2B-8EC7-0ADDE8D7E3BD}.Debug|x64.Build.0 = Debug|Any CPU
		{CB50D1D9-55E4-4A2B-8EC7-0ADDE8D7E3BD}.Debug|x86.ActiveCfg = Debug|Any CPU
		{CB50D1D9-55E4-4A2B-8EC7-0ADDE8D7E3BD}.Debug|x86.Build.0 = Debug|Any CPU
		{CB50D1D9-55E4-4A2B-8EC7-0ADDE8D7E3BD}.Release|Any CPU.ActiveCfg = Release|Any CPU
		{CB50D1D9-55E4-4A2B-8EC7-0ADDE8D7E3BD}.Release|Any CPU.Build.0 = Release|Any CPU
		{CB50D1D9-55E4-4A2B-8EC7-0ADDE8D7E3BD}.Release|ARM.ActiveCfg = Release|Any CPU
		{CB50D1D9-55E4-4A2B-8EC7-0ADDE8D7E3BD}.Release|ARM.Build.0 = Release|Any CPU
		{CB50D1D9-55E4-4A2B-8EC7-0ADDE8D7E3BD}.Release|x64.ActiveCfg = Release|Any CPU
		{CB50D1D9-55E4-4A2B-8EC7-0ADDE8D7E3BD}.Release|x64.Build.0 = Release|Any CPU
		{CB50D1D9-55E4-4A2B-8EC7-0ADDE8D7E3BD}.Release|x86.ActiveCfg = Release|Any CPU
		{CB50D1D9-55E4-4A2B-8EC7-0ADDE8D7E3BD}.Release|x86.Build.0 = Release|Any CPU
		{D9E2DC6B-3E54-421F-9231-A4F3A799BC4C}.Debug|Any CPU.ActiveCfg = Debug|Any CPU
		{D9E2DC6B-3E54-421F-9231-A4F3A799BC4C}.Debug|Any CPU.Build.0 = Debug|Any CPU
		{D9E2DC6B-3E54-421F-9231-A4F3A799BC4C}.Debug|ARM.ActiveCfg = Debug|Any CPU
		{D9E2DC6B-3E54-421F-9231-A4F3A799BC4C}.Debug|ARM.Build.0 = Debug|Any CPU
		{D9E2DC6B-3E54-421F-9231-A4F3A799BC4C}.Debug|x64.ActiveCfg = Debug|Any CPU
		{D9E2DC6B-3E54-421F-9231-A4F3A799BC4C}.Debug|x64.Build.0 = Debug|Any CPU
		{D9E2DC6B-3E54-421F-9231-A4F3A799BC4C}.Debug|x86.ActiveCfg = Debug|Any CPU
		{D9E2DC6B-3E54-421F-9231-A4F3A799BC4C}.Debug|x86.Build.0 = Debug|Any CPU
		{D9E2DC6B-3E54-421F-9231-A4F3A799BC4C}.Release|Any CPU.ActiveCfg = Release|Any CPU
		{D9E2DC6B-3E54-421F-9231-A4F3A799BC4C}.Release|Any CPU.Build.0 = Release|Any CPU
		{D9E2DC6B-3E54-421F-9231-A4F3A799BC4C}.Release|ARM.ActiveCfg = Release|Any CPU
		{D9E2DC6B-3E54-421F-9231-A4F3A799BC4C}.Release|ARM.Build.0 = Release|Any CPU
		{D9E2DC6B-3E54-421F-9231-A4F3A799BC4C}.Release|x64.ActiveCfg = Release|Any CPU
		{D9E2DC6B-3E54-421F-9231-A4F3A799BC4C}.Release|x64.Build.0 = Release|Any CPU
		{D9E2DC6B-3E54-421F-9231-A4F3A799BC4C}.Release|x86.ActiveCfg = Release|Any CPU
		{D9E2DC6B-3E54-421F-9231-A4F3A799BC4C}.Release|x86.Build.0 = Release|Any CPU
		{4E07699F-5BD6-41C5-A42E-928A2AA332FC}.Debug|Any CPU.ActiveCfg = Debug|Any CPU
		{4E07699F-5BD6-41C5-A42E-928A2AA332FC}.Debug|Any CPU.Build.0 = Debug|Any CPU
		{4E07699F-5BD6-41C5-A42E-928A2AA332FC}.Debug|ARM.ActiveCfg = Debug|Any CPU
		{4E07699F-5BD6-41C5-A42E-928A2AA332FC}.Debug|ARM.Build.0 = Debug|Any CPU
		{4E07699F-5BD6-41C5-A42E-928A2AA332FC}.Debug|x64.ActiveCfg = Debug|Any CPU
		{4E07699F-5BD6-41C5-A42E-928A2AA332FC}.Debug|x64.Build.0 = Debug|Any CPU
		{4E07699F-5BD6-41C5-A42E-928A2AA332FC}.Debug|x86.ActiveCfg = Debug|Any CPU
		{4E07699F-5BD6-41C5-A42E-928A2AA332FC}.Debug|x86.Build.0 = Debug|Any CPU
		{4E07699F-5BD6-41C5-A42E-928A2AA332FC}.Release|Any CPU.ActiveCfg = Release|Any CPU
		{4E07699F-5BD6-41C5-A42E-928A2AA332FC}.Release|Any CPU.Build.0 = Release|Any CPU
		{4E07699F-5BD6-41C5-A42E-928A2AA332FC}.Release|ARM.ActiveCfg = Release|Any CPU
		{4E07699F-5BD6-41C5-A42E-928A2AA332FC}.Release|ARM.Build.0 = Release|Any CPU
		{4E07699F-5BD6-41C5-A42E-928A2AA332FC}.Release|x64.ActiveCfg = Release|Any CPU
		{4E07699F-5BD6-41C5-A42E-928A2AA332FC}.Release|x64.Build.0 = Release|Any CPU
		{4E07699F-5BD6-41C5-A42E-928A2AA332FC}.Release|x86.ActiveCfg = Release|Any CPU
		{4E07699F-5BD6-41C5-A42E-928A2AA332FC}.Release|x86.Build.0 = Release|Any CPU
		{C4411755-086A-464B-A62D-BE0CCD18EFB9}.Debug|Any CPU.ActiveCfg = Debug|Any CPU
		{C4411755-086A-464B-A62D-BE0CCD18EFB9}.Debug|Any CPU.Build.0 = Debug|Any CPU
		{C4411755-086A-464B-A62D-BE0CCD18EFB9}.Debug|ARM.ActiveCfg = Debug|Any CPU
		{C4411755-086A-464B-A62D-BE0CCD18EFB9}.Debug|ARM.Build.0 = Debug|Any CPU
		{C4411755-086A-464B-A62D-BE0CCD18EFB9}.Debug|x64.ActiveCfg = Debug|Any CPU
		{C4411755-086A-464B-A62D-BE0CCD18EFB9}.Debug|x64.Build.0 = Debug|Any CPU
		{C4411755-086A-464B-A62D-BE0CCD18EFB9}.Debug|x86.ActiveCfg = Debug|Any CPU
		{C4411755-086A-464B-A62D-BE0CCD18EFB9}.Debug|x86.Build.0 = Debug|Any CPU
		{C4411755-086A-464B-A62D-BE0CCD18EFB9}.Release|Any CPU.ActiveCfg = Release|Any CPU
		{C4411755-086A-464B-A62D-BE0CCD18EFB9}.Release|Any CPU.Build.0 = Release|Any CPU
		{C4411755-086A-464B-A62D-BE0CCD18EFB9}.Release|ARM.ActiveCfg = Release|Any CPU
		{C4411755-086A-464B-A62D-BE0CCD18EFB9}.Release|ARM.Build.0 = Release|Any CPU
		{C4411755-086A-464B-A62D-BE0CCD18EFB9}.Release|x64.ActiveCfg = Release|Any CPU
		{C4411755-086A-464B-A62D-BE0CCD18EFB9}.Release|x64.Build.0 = Release|Any CPU
		{C4411755-086A-464B-A62D-BE0CCD18EFB9}.Release|x86.ActiveCfg = Release|Any CPU
		{C4411755-086A-464B-A62D-BE0CCD18EFB9}.Release|x86.Build.0 = Release|Any CPU
		{D01B1D20-8F5B-4834-8E5C-C7EC6DD587D4}.Debug|Any CPU.ActiveCfg = Debug|Any CPU
		{D01B1D20-8F5B-4834-8E5C-C7EC6DD587D4}.Debug|Any CPU.Build.0 = Debug|Any CPU
		{D01B1D20-8F5B-4834-8E5C-C7EC6DD587D4}.Debug|ARM.ActiveCfg = Debug|Any CPU
		{D01B1D20-8F5B-4834-8E5C-C7EC6DD587D4}.Debug|ARM.Build.0 = Debug|Any CPU
		{D01B1D20-8F5B-4834-8E5C-C7EC6DD587D4}.Debug|x64.ActiveCfg = Debug|Any CPU
		{D01B1D20-8F5B-4834-8E5C-C7EC6DD587D4}.Debug|x64.Build.0 = Debug|Any CPU
		{D01B1D20-8F5B-4834-8E5C-C7EC6DD587D4}.Debug|x86.ActiveCfg = Debug|Any CPU
		{D01B1D20-8F5B-4834-8E5C-C7EC6DD587D4}.Debug|x86.Build.0 = Debug|Any CPU
		{D01B1D20-8F5B-4834-8E5C-C7EC6DD587D4}.Release|Any CPU.ActiveCfg = Release|Any CPU
		{D01B1D20-8F5B-4834-8E5C-C7EC6DD587D4}.Release|Any CPU.Build.0 = Release|Any CPU
		{D01B1D20-8F5B-4834-8E5C-C7EC6DD587D4}.Release|ARM.ActiveCfg = Release|Any CPU
		{D01B1D20-8F5B-4834-8E5C-C7EC6DD587D4}.Release|ARM.Build.0 = Release|Any CPU
		{D01B1D20-8F5B-4834-8E5C-C7EC6DD587D4}.Release|x64.ActiveCfg = Release|Any CPU
		{D01B1D20-8F5B-4834-8E5C-C7EC6DD587D4}.Release|x64.Build.0 = Release|Any CPU
		{D01B1D20-8F5B-4834-8E5C-C7EC6DD587D4}.Release|x86.ActiveCfg = Release|Any CPU
		{D01B1D20-8F5B-4834-8E5C-C7EC6DD587D4}.Release|x86.Build.0 = Release|Any CPU
		{4B98B2A6-084C-497F-92C8-18211913E93C}.Debug|Any CPU.ActiveCfg = Debug|Any CPU
		{4B98B2A6-084C-497F-92C8-18211913E93C}.Debug|Any CPU.Build.0 = Debug|Any CPU
		{4B98B2A6-084C-497F-92C8-18211913E93C}.Debug|ARM.ActiveCfg = Debug|Any CPU
		{4B98B2A6-084C-497F-92C8-18211913E93C}.Debug|ARM.Build.0 = Debug|Any CPU
		{4B98B2A6-084C-497F-92C8-18211913E93C}.Debug|x64.ActiveCfg = Debug|Any CPU
		{4B98B2A6-084C-497F-92C8-18211913E93C}.Debug|x64.Build.0 = Debug|Any CPU
		{4B98B2A6-084C-497F-92C8-18211913E93C}.Debug|x86.ActiveCfg = Debug|Any CPU
		{4B98B2A6-084C-497F-92C8-18211913E93C}.Debug|x86.Build.0 = Debug|Any CPU
		{4B98B2A6-084C-497F-92C8-18211913E93C}.Release|Any CPU.ActiveCfg = Release|Any CPU
		{4B98B2A6-084C-497F-92C8-18211913E93C}.Release|Any CPU.Build.0 = Release|Any CPU
		{4B98B2A6-084C-497F-92C8-18211913E93C}.Release|ARM.ActiveCfg = Release|Any CPU
		{4B98B2A6-084C-497F-92C8-18211913E93C}.Release|ARM.Build.0 = Release|Any CPU
		{4B98B2A6-084C-497F-92C8-18211913E93C}.Release|x64.ActiveCfg = Release|Any CPU
		{4B98B2A6-084C-497F-92C8-18211913E93C}.Release|x64.Build.0 = Release|Any CPU
		{4B98B2A6-084C-497F-92C8-18211913E93C}.Release|x86.ActiveCfg = Release|Any CPU
		{4B98B2A6-084C-497F-92C8-18211913E93C}.Release|x86.Build.0 = Release|Any CPU
		{01637B9C-A234-476B-8916-CA9C7491B86B}.Debug|Any CPU.ActiveCfg = Debug|Any CPU
		{01637B9C-A234-476B-8916-CA9C7491B86B}.Debug|Any CPU.Build.0 = Debug|Any CPU
		{01637B9C-A234-476B-8916-CA9C7491B86B}.Debug|ARM.ActiveCfg = Debug|Any CPU
		{01637B9C-A234-476B-8916-CA9C7491B86B}.Debug|ARM.Build.0 = Debug|Any CPU
		{01637B9C-A234-476B-8916-CA9C7491B86B}.Debug|x64.ActiveCfg = Debug|Any CPU
		{01637B9C-A234-476B-8916-CA9C7491B86B}.Debug|x64.Build.0 = Debug|Any CPU
		{01637B9C-A234-476B-8916-CA9C7491B86B}.Debug|x86.ActiveCfg = Debug|Any CPU
		{01637B9C-A234-476B-8916-CA9C7491B86B}.Debug|x86.Build.0 = Debug|Any CPU
		{01637B9C-A234-476B-8916-CA9C7491B86B}.Release|Any CPU.ActiveCfg = Release|Any CPU
		{01637B9C-A234-476B-8916-CA9C7491B86B}.Release|Any CPU.Build.0 = Release|Any CPU
		{01637B9C-A234-476B-8916-CA9C7491B86B}.Release|ARM.ActiveCfg = Release|Any CPU
		{01637B9C-A234-476B-8916-CA9C7491B86B}.Release|ARM.Build.0 = Release|Any CPU
		{01637B9C-A234-476B-8916-CA9C7491B86B}.Release|x64.ActiveCfg = Release|Any CPU
		{01637B9C-A234-476B-8916-CA9C7491B86B}.Release|x64.Build.0 = Release|Any CPU
		{01637B9C-A234-476B-8916-CA9C7491B86B}.Release|x86.ActiveCfg = Release|Any CPU
		{01637B9C-A234-476B-8916-CA9C7491B86B}.Release|x86.Build.0 = Release|Any CPU
		{5DC761A6-8346-4E63-A573-2D9995C6B9F8}.Debug|Any CPU.ActiveCfg = Debug|Any CPU
		{5DC761A6-8346-4E63-A573-2D9995C6B9F8}.Debug|Any CPU.Build.0 = Debug|Any CPU
		{5DC761A6-8346-4E63-A573-2D9995C6B9F8}.Debug|ARM.ActiveCfg = Debug|Any CPU
		{5DC761A6-8346-4E63-A573-2D9995C6B9F8}.Debug|ARM.Build.0 = Debug|Any CPU
		{5DC761A6-8346-4E63-A573-2D9995C6B9F8}.Debug|x64.ActiveCfg = Debug|Any CPU
		{5DC761A6-8346-4E63-A573-2D9995C6B9F8}.Debug|x64.Build.0 = Debug|Any CPU
		{5DC761A6-8346-4E63-A573-2D9995C6B9F8}.Debug|x86.ActiveCfg = Debug|Any CPU
		{5DC761A6-8346-4E63-A573-2D9995C6B9F8}.Debug|x86.Build.0 = Debug|Any CPU
		{5DC761A6-8346-4E63-A573-2D9995C6B9F8}.Release|Any CPU.ActiveCfg = Release|Any CPU
		{5DC761A6-8346-4E63-A573-2D9995C6B9F8}.Release|Any CPU.Build.0 = Release|Any CPU
		{5DC761A6-8346-4E63-A573-2D9995C6B9F8}.Release|ARM.ActiveCfg = Release|Any CPU
		{5DC761A6-8346-4E63-A573-2D9995C6B9F8}.Release|ARM.Build.0 = Release|Any CPU
		{5DC761A6-8346-4E63-A573-2D9995C6B9F8}.Release|x64.ActiveCfg = Release|Any CPU
		{5DC761A6-8346-4E63-A573-2D9995C6B9F8}.Release|x64.Build.0 = Release|Any CPU
		{5DC761A6-8346-4E63-A573-2D9995C6B9F8}.Release|x86.ActiveCfg = Release|Any CPU
		{5DC761A6-8346-4E63-A573-2D9995C6B9F8}.Release|x86.Build.0 = Release|Any CPU
		{C1AA5263-83D2-408B-B47B-BFDF97EBC377}.Debug|Any CPU.ActiveCfg = Debug|Any CPU
		{C1AA5263-83D2-408B-B47B-BFDF97EBC377}.Debug|Any CPU.Build.0 = Debug|Any CPU
		{C1AA5263-83D2-408B-B47B-BFDF97EBC377}.Debug|ARM.ActiveCfg = Debug|Any CPU
		{C1AA5263-83D2-408B-B47B-BFDF97EBC377}.Debug|ARM.Build.0 = Debug|Any CPU
		{C1AA5263-83D2-408B-B47B-BFDF97EBC377}.Debug|x64.ActiveCfg = Debug|Any CPU
		{C1AA5263-83D2-408B-B47B-BFDF97EBC377}.Debug|x64.Build.0 = Debug|Any CPU
		{C1AA5263-83D2-408B-B47B-BFDF97EBC377}.Debug|x86.ActiveCfg = Debug|Any CPU
		{C1AA5263-83D2-408B-B47B-BFDF97EBC377}.Debug|x86.Build.0 = Debug|Any CPU
		{C1AA5263-83D2-408B-B47B-BFDF97EBC377}.Release|Any CPU.ActiveCfg = Release|Any CPU
		{C1AA5263-83D2-408B-B47B-BFDF97EBC377}.Release|Any CPU.Build.0 = Release|Any CPU
		{C1AA5263-83D2-408B-B47B-BFDF97EBC377}.Release|ARM.ActiveCfg = Release|Any CPU
		{C1AA5263-83D2-408B-B47B-BFDF97EBC377}.Release|ARM.Build.0 = Release|Any CPU
		{C1AA5263-83D2-408B-B47B-BFDF97EBC377}.Release|x64.ActiveCfg = Release|Any CPU
		{C1AA5263-83D2-408B-B47B-BFDF97EBC377}.Release|x64.Build.0 = Release|Any CPU
		{C1AA5263-83D2-408B-B47B-BFDF97EBC377}.Release|x86.ActiveCfg = Release|Any CPU
		{C1AA5263-83D2-408B-B47B-BFDF97EBC377}.Release|x86.Build.0 = Release|Any CPU
		{5E54EE9E-DDB2-4370-AA35-262E510BD141}.Debug|Any CPU.ActiveCfg = Debug|Any CPU
		{5E54EE9E-DDB2-4370-AA35-262E510BD141}.Debug|Any CPU.Build.0 = Debug|Any CPU
		{5E54EE9E-DDB2-4370-AA35-262E510BD141}.Debug|ARM.ActiveCfg = Debug|Any CPU
		{5E54EE9E-DDB2-4370-AA35-262E510BD141}.Debug|ARM.Build.0 = Debug|Any CPU
		{5E54EE9E-DDB2-4370-AA35-262E510BD141}.Debug|x64.ActiveCfg = Debug|Any CPU
		{5E54EE9E-DDB2-4370-AA35-262E510BD141}.Debug|x64.Build.0 = Debug|Any CPU
		{5E54EE9E-DDB2-4370-AA35-262E510BD141}.Debug|x86.ActiveCfg = Debug|Any CPU
		{5E54EE9E-DDB2-4370-AA35-262E510BD141}.Debug|x86.Build.0 = Debug|Any CPU
		{5E54EE9E-DDB2-4370-AA35-262E510BD141}.Release|Any CPU.ActiveCfg = Release|Any CPU
		{5E54EE9E-DDB2-4370-AA35-262E510BD141}.Release|Any CPU.Build.0 = Release|Any CPU
		{5E54EE9E-DDB2-4370-AA35-262E510BD141}.Release|ARM.ActiveCfg = Release|Any CPU
		{5E54EE9E-DDB2-4370-AA35-262E510BD141}.Release|ARM.Build.0 = Release|Any CPU
		{5E54EE9E-DDB2-4370-AA35-262E510BD141}.Release|x64.ActiveCfg = Release|Any CPU
		{5E54EE9E-DDB2-4370-AA35-262E510BD141}.Release|x64.Build.0 = Release|Any CPU
		{5E54EE9E-DDB2-4370-AA35-262E510BD141}.Release|x86.ActiveCfg = Release|Any CPU
		{5E54EE9E-DDB2-4370-AA35-262E510BD141}.Release|x86.Build.0 = Release|Any CPU
	EndGlobalSection
	GlobalSection(SolutionProperties) = preSolution
		HideSolutionNode = FALSE
	EndGlobalSection
	GlobalSection(NestedProjects) = preSolution
		{CB50D1D9-55E4-4A2B-8EC7-0ADDE8D7E3BD} = {8D42535D-0D8F-4673-9353-043127695096}
		{D9E2DC6B-3E54-421F-9231-A4F3A799BC4C} = {8D42535D-0D8F-4673-9353-043127695096}
		{8D42535D-0D8F-4673-9353-043127695096} = {1BBDB230-D21A-4682-A377-532B7F924C74}
		{4E07699F-5BD6-41C5-A42E-928A2AA332FC} = {F275ED2F-E7A8-4F49-83D4-E64BF4ACF254}
		{C4411755-086A-464B-A62D-BE0CCD18EFB9} = {F275ED2F-E7A8-4F49-83D4-E64BF4ACF254}
		{D01B1D20-8F5B-4834-8E5C-C7EC6DD587D4} = {F275ED2F-E7A8-4F49-83D4-E64BF4ACF254}
		{4B98B2A6-084C-497F-92C8-18211913E93C} = {F275ED2F-E7A8-4F49-83D4-E64BF4ACF254}
		{5DC761A6-8346-4E63-A573-2D9995C6B9F8} = {0FB0BCEA-B711-4C8F-BBBD-98E3A737B100}
		{5E54EE9E-DDB2-4370-AA35-262E510BD141} = {1BBDB230-D21A-4682-A377-532B7F924C74}
	EndGlobalSection
EndGlobal
